// !$*UTF8*$!
{
	archiveVersion = 1;
	classes = {
	};
	objectVersion = 56;
	objects = {

/* Begin PBXBuildFile section */
		CE70A1372BC5EE41009EEAA3 /* MainView.swift in Sources */ = {isa = PBXBuildFile; fileRef = CE70A1362BC5EE41009EEAA3 /* MainView.swift */; };
		CE70A13B2BC5EEB3009EEAA3 /* PhoneNumberView.swift in Sources */ = {isa = PBXBuildFile; fileRef = CE70A13A2BC5EEB3009EEAA3 /* PhoneNumberView.swift */; };
		CE70A13D2BC5EED6009EEAA3 /* AuthorizationViewController.swift in Sources */ = {isa = PBXBuildFile; fileRef = CE70A13C2BC5EED6009EEAA3 /* AuthorizationViewController.swift */; };
		CE70A1402BC5F127009EEAA3 /* MainViewController.swift in Sources */ = {isa = PBXBuildFile; fileRef = CE70A13F2BC5F127009EEAA3 /* MainViewController.swift */; };
		CE9BF0172BD3251F0027F9C2 /* ProductCell.swift in Sources */ = {isa = PBXBuildFile; fileRef = CE9BF0162BD3251F0027F9C2 /* ProductCell.swift */; };
		CE9BF0192BD325BE0027F9C2 /* CategoryCell.swift in Sources */ = {isa = PBXBuildFile; fileRef = CE9BF0182BD325BE0027F9C2 /* CategoryCell.swift */; };
		CE9BF01B2BD325F30027F9C2 /* UIColor.swift in Sources */ = {isa = PBXBuildFile; fileRef = CE9BF01A2BD325F30027F9C2 /* UIColor.swift */; };
		CE9BF01E2BD326C50027F9C2 /* Products.swift in Sources */ = {isa = PBXBuildFile; fileRef = CE9BF01D2BD326C50027F9C2 /* Products.swift */; };
		CE9BF0202BD327190027F9C2 /* Constants.swift in Sources */ = {isa = PBXBuildFile; fileRef = CE9BF01F2BD327190027F9C2 /* Constants.swift */; };
		CE9BF0252BD327990027F9C2 /* NetworkLayer.swift in Sources */ = {isa = PBXBuildFile; fileRef = CE9BF0242BD327990027F9C2 /* NetworkLayer.swift */; };
		CE9BF0272BD328340027F9C2 /* DetailViewController.swift in Sources */ = {isa = PBXBuildFile; fileRef = CE9BF0262BD328340027F9C2 /* DetailViewController.swift */; };
		CE9BF0292BD32C080027F9C2 /* JSONParser.swift in Sources */ = {isa = PBXBuildFile; fileRef = CE9BF0282BD32C080027F9C2 /* JSONParser.swift */; };
		CE9BF02B2BD32C400027F9C2 /* ProductModel.swift in Sources */ = {isa = PBXBuildFile; fileRef = CE9BF02A2BD32C400027F9C2 /* ProductModel.swift */; };
		CE9BF0302BD32D950027F9C2 /* TabBar.swift in Sources */ = {isa = PBXBuildFile; fileRef = CE9BF02F2BD32D950027F9C2 /* TabBar.swift */; };
		CE9BF0322BD32E4E0027F9C2 /* ShoppingCartViewController.swift in Sources */ = {isa = PBXBuildFile; fileRef = CE9BF0312BD32E4E0027F9C2 /* ShoppingCartViewController.swift */; };
		CE9BF0342BD32EA20027F9C2 /* NavigationViewController.swift in Sources */ = {isa = PBXBuildFile; fileRef = CE9BF0332BD32EA20027F9C2 /* NavigationViewController.swift */; };
		CE9BF0362BD32ECF0027F9C2 /* UserProfileViewController.swift in Sources */ = {isa = PBXBuildFile; fileRef = CE9BF0352BD32ECF0027F9C2 /* UserProfileViewController.swift */; };
		CE9BF0382BD996BA0027F9C2 /* AuthService.swift in Sources */ = {isa = PBXBuildFile; fileRef = CE9BF0372BD996BA0027F9C2 /* AuthService.swift */; };
		CE9BF03C2BD99B7C0027F9C2 /* GoogleService-Info.plist in Resources */ = {isa = PBXBuildFile; fileRef = CE9BF03B2BD99B7C0027F9C2 /* GoogleService-Info.plist */; };
		CE9BF03F2BD99CA20027F9C2 /* PhoneNumberCodeView.swift in Sources */ = {isa = PBXBuildFile; fileRef = CE9BF03E2BD99CA20027F9C2 /* PhoneNumberCodeView.swift */; };
		CE9BF0412BD99CCF0027F9C2 /* PhoneNumberViewController.swift in Sources */ = {isa = PBXBuildFile; fileRef = CE9BF0402BD99CCF0027F9C2 /* PhoneNumberViewController.swift */; };
		CE9BF0442BD9A04F0027F9C2 /* EmailView.swift in Sources */ = {isa = PBXBuildFile; fileRef = CE9BF0432BD9A04F0027F9C2 /* EmailView.swift */; };
		CE9BF0462BD9A0710027F9C2 /* EmailViewController.swift in Sources */ = {isa = PBXBuildFile; fileRef = CE9BF0452BD9A0710027F9C2 /* EmailViewController.swift */; };
		CE9CDF722BC0A58B008D6070 /* AppDelegate.swift in Sources */ = {isa = PBXBuildFile; fileRef = CE9CDF712BC0A58B008D6070 /* AppDelegate.swift */; };
		CE9CDF742BC0A58B008D6070 /* SceneDelegate.swift in Sources */ = {isa = PBXBuildFile; fileRef = CE9CDF732BC0A58B008D6070 /* SceneDelegate.swift */; };
		CE9CDF762BC0A58B008D6070 /* ViewController.swift in Sources */ = {isa = PBXBuildFile; fileRef = CE9CDF752BC0A58B008D6070 /* ViewController.swift */; };
		CE9CDF7B2BC0A58C008D6070 /* Assets.xcassets in Resources */ = {isa = PBXBuildFile; fileRef = CE9CDF7A2BC0A58C008D6070 /* Assets.xcassets */; };
		CE9CDF7E2BC0A58C008D6070 /* LaunchScreen.storyboard in Resources */ = {isa = PBXBuildFile; fileRef = CE9CDF7C2BC0A58C008D6070 /* LaunchScreen.storyboard */; };
		D7ABAE0215A48881E08EB216 /* Pods_AdisStore.framework in Frameworks */ = {isa = PBXBuildFile; fileRef = 59E650F93DB6DC12D04B235A /* Pods_AdisStore.framework */; };
/* End PBXBuildFile section */

/* Begin PBXFileReference section */
		0CD3D13ADBE7099A213746F1 /* Pods-AdisStore.release.xcconfig */ = {isa = PBXFileReference; includeInIndex = 1; lastKnownFileType = text.xcconfig; name = "Pods-AdisStore.release.xcconfig"; path = "Target Support Files/Pods-AdisStore/Pods-AdisStore.release.xcconfig"; sourceTree = "<group>"; };
		59E650F93DB6DC12D04B235A /* Pods_AdisStore.framework */ = {isa = PBXFileReference; explicitFileType = wrapper.framework; includeInIndex = 0; path = Pods_AdisStore.framework; sourceTree = BUILT_PRODUCTS_DIR; };
		8B9EB10374FC53A3EF8DAC73 /* Pods-AdisStore.debug.xcconfig */ = {isa = PBXFileReference; includeInIndex = 1; lastKnownFileType = text.xcconfig; name = "Pods-AdisStore.debug.xcconfig"; path = "Target Support Files/Pods-AdisStore/Pods-AdisStore.debug.xcconfig"; sourceTree = "<group>"; };
		CE70A1362BC5EE41009EEAA3 /* MainView.swift */ = {isa = PBXFileReference; lastKnownFileType = sourcecode.swift; path = MainView.swift; sourceTree = "<group>"; };
		CE70A13A2BC5EEB3009EEAA3 /* PhoneNumberView.swift */ = {isa = PBXFileReference; lastKnownFileType = sourcecode.swift; path = PhoneNumberView.swift; sourceTree = "<group>"; };
		CE70A13C2BC5EED6009EEAA3 /* AuthorizationViewController.swift */ = {isa = PBXFileReference; lastKnownFileType = sourcecode.swift; path = AuthorizationViewController.swift; sourceTree = "<group>"; };
		CE70A13F2BC5F127009EEAA3 /* MainViewController.swift */ = {isa = PBXFileReference; lastKnownFileType = sourcecode.swift; path = MainViewController.swift; sourceTree = "<group>"; };
		CE9BF0162BD3251F0027F9C2 /* ProductCell.swift */ = {isa = PBXFileReference; lastKnownFileType = sourcecode.swift; path = ProductCell.swift; sourceTree = "<group>"; };
		CE9BF0182BD325BE0027F9C2 /* CategoryCell.swift */ = {isa = PBXFileReference; lastKnownFileType = sourcecode.swift; path = CategoryCell.swift; sourceTree = "<group>"; };
		CE9BF01A2BD325F30027F9C2 /* UIColor.swift */ = {isa = PBXFileReference; lastKnownFileType = sourcecode.swift; path = UIColor.swift; sourceTree = "<group>"; };
		CE9BF01D2BD326C50027F9C2 /* Products.swift */ = {isa = PBXFileReference; lastKnownFileType = sourcecode.swift; path = Products.swift; sourceTree = "<group>"; };
		CE9BF01F2BD327190027F9C2 /* Constants.swift */ = {isa = PBXFileReference; lastKnownFileType = sourcecode.swift; path = Constants.swift; sourceTree = "<group>"; };
		CE9BF0242BD327990027F9C2 /* NetworkLayer.swift */ = {isa = PBXFileReference; lastKnownFileType = sourcecode.swift; path = NetworkLayer.swift; sourceTree = "<group>"; };
		CE9BF0262BD328340027F9C2 /* DetailViewController.swift */ = {isa = PBXFileReference; lastKnownFileType = sourcecode.swift; path = DetailViewController.swift; sourceTree = "<group>"; };
		CE9BF0282BD32C080027F9C2 /* JSONParser.swift */ = {isa = PBXFileReference; lastKnownFileType = sourcecode.swift; path = JSONParser.swift; sourceTree = "<group>"; };
		CE9BF02A2BD32C400027F9C2 /* ProductModel.swift */ = {isa = PBXFileReference; lastKnownFileType = sourcecode.swift; path = ProductModel.swift; sourceTree = "<group>"; };
		CE9BF02C2BD32CC20027F9C2 /* Product.json */ = {isa = PBXFileReference; lastKnownFileType = text.json; path = Product.json; sourceTree = "<group>"; };
		CE9BF02F2BD32D950027F9C2 /* TabBar.swift */ = {isa = PBXFileReference; lastKnownFileType = sourcecode.swift; path = TabBar.swift; sourceTree = "<group>"; };
		CE9BF0312BD32E4E0027F9C2 /* ShoppingCartViewController.swift */ = {isa = PBXFileReference; lastKnownFileType = sourcecode.swift; path = ShoppingCartViewController.swift; sourceTree = "<group>"; };
		CE9BF0332BD32EA20027F9C2 /* NavigationViewController.swift */ = {isa = PBXFileReference; lastKnownFileType = sourcecode.swift; path = NavigationViewController.swift; sourceTree = "<group>"; };
		CE9BF0352BD32ECF0027F9C2 /* UserProfileViewController.swift */ = {isa = PBXFileReference; lastKnownFileType = sourcecode.swift; path = UserProfileViewController.swift; sourceTree = "<group>"; };
		CE9BF0372BD996BA0027F9C2 /* AuthService.swift */ = {isa = PBXFileReference; lastKnownFileType = sourcecode.swift; path = AuthService.swift; sourceTree = "<group>"; };
		CE9BF03B2BD99B7C0027F9C2 /* GoogleService-Info.plist */ = {isa = PBXFileReference; fileEncoding = 4; lastKnownFileType = text.plist.xml; path = "GoogleService-Info.plist"; sourceTree = "<group>"; };
		CE9BF03E2BD99CA20027F9C2 /* PhoneNumberCodeView.swift */ = {isa = PBXFileReference; lastKnownFileType = sourcecode.swift; path = PhoneNumberCodeView.swift; sourceTree = "<group>"; };
		CE9BF0402BD99CCF0027F9C2 /* PhoneNumberViewController.swift */ = {isa = PBXFileReference; lastKnownFileType = sourcecode.swift; path = PhoneNumberViewController.swift; sourceTree = "<group>"; };
		CE9BF0432BD9A04F0027F9C2 /* EmailView.swift */ = {isa = PBXFileReference; lastKnownFileType = sourcecode.swift; path = EmailView.swift; sourceTree = "<group>"; };
		CE9BF0452BD9A0710027F9C2 /* EmailViewController.swift */ = {isa = PBXFileReference; lastKnownFileType = sourcecode.swift; path = EmailViewController.swift; sourceTree = "<group>"; };
		CE9CDF6E2BC0A58B008D6070 /* AdisStore.app */ = {isa = PBXFileReference; explicitFileType = wrapper.application; includeInIndex = 0; path = AdisStore.app; sourceTree = BUILT_PRODUCTS_DIR; };
		CE9CDF712BC0A58B008D6070 /* AppDelegate.swift */ = {isa = PBXFileReference; lastKnownFileType = sourcecode.swift; path = AppDelegate.swift; sourceTree = "<group>"; };
		CE9CDF732BC0A58B008D6070 /* SceneDelegate.swift */ = {isa = PBXFileReference; lastKnownFileType = sourcecode.swift; path = SceneDelegate.swift; sourceTree = "<group>"; };
		CE9CDF752BC0A58B008D6070 /* ViewController.swift */ = {isa = PBXFileReference; lastKnownFileType = sourcecode.swift; path = ViewController.swift; sourceTree = "<group>"; };
		CE9CDF7A2BC0A58C008D6070 /* Assets.xcassets */ = {isa = PBXFileReference; lastKnownFileType = folder.assetcatalog; path = Assets.xcassets; sourceTree = "<group>"; };
		CE9CDF7D2BC0A58C008D6070 /* Base */ = {isa = PBXFileReference; lastKnownFileType = file.storyboard; name = Base; path = Base.lproj/LaunchScreen.storyboard; sourceTree = "<group>"; };
		CE9CDF7F2BC0A58C008D6070 /* Info.plist */ = {isa = PBXFileReference; lastKnownFileType = text.plist.xml; path = Info.plist; sourceTree = "<group>"; };
/* End PBXFileReference section */

/* Begin PBXFrameworksBuildPhase section */
		CE9CDF6B2BC0A58B008D6070 /* Frameworks */ = {
			isa = PBXFrameworksBuildPhase;
			buildActionMask = 2147483647;
			files = (
				D7ABAE0215A48881E08EB216 /* Pods_AdisStore.framework in Frameworks */,
			);
			runOnlyForDeploymentPostprocessing = 0;
		};
/* End PBXFrameworksBuildPhase section */

/* Begin PBXGroup section */
		2D8DAB24D75B4E31EC96894C /* Pods */ = {
			isa = PBXGroup;
			children = (
				8B9EB10374FC53A3EF8DAC73 /* Pods-AdisStore.debug.xcconfig */,
				0CD3D13ADBE7099A213746F1 /* Pods-AdisStore.release.xcconfig */,
			);
			path = Pods;
			sourceTree = "<group>";
		};
		9D45C9CDA05C2CCE09F9110E /* Frameworks */ = {
			isa = PBXGroup;
			children = (
				59E650F93DB6DC12D04B235A /* Pods_AdisStore.framework */,
			);
			name = Frameworks;
			sourceTree = "<group>";
		};
		CE70A1382BC5EE79009EEAA3 /* FirstPage */ = {
			isa = PBXGroup;
			children = (
				CE70A1362BC5EE41009EEAA3 /* MainView.swift */,
				CE9CDF752BC0A58B008D6070 /* ViewController.swift */,
			);
			path = FirstPage;
			sourceTree = "<group>";
		};
		CE70A1392BC5EE83009EEAA3 /* Authorization */ = {
			isa = PBXGroup;
			children = (
				CE9BF0422BD9A03C0027F9C2 /* Email */,
				CE9BF03D2BD99C780027F9C2 /* PhonenNumber */,
			);
			path = Authorization;
			sourceTree = "<group>";
		};
		CE70A13E2BC5F10B009EEAA3 /* Cell */ = {
			isa = PBXGroup;
			children = (
				CE70A13F2BC5F127009EEAA3 /* MainViewController.swift */,
				CE9BF0262BD328340027F9C2 /* DetailViewController.swift */,
				CE9BF0162BD3251F0027F9C2 /* ProductCell.swift */,
				CE9BF0182BD325BE0027F9C2 /* CategoryCell.swift */,
			);
			path = Cell;
			sourceTree = "<group>";
		};
		CE70A1412BC5F4AE009EEAA3 /* Resource */ = {
			isa = PBXGroup;
			children = (
				CE9BF03B2BD99B7C0027F9C2 /* GoogleService-Info.plist */,
				CE9BF0152BD324F30027F9C2 /* UIColor */,
				CE9CDF7A2BC0A58C008D6070 /* Assets.xcassets */,
				CE9CDF7C2BC0A58C008D6070 /* LaunchScreen.storyboard */,
			);
			path = Resource;
			sourceTree = "<group>";
		};
		CE9BF0152BD324F30027F9C2 /* UIColor */ = {
			isa = PBXGroup;
			children = (
				CE9BF01A2BD325F30027F9C2 /* UIColor.swift */,
			);
			path = UIColor;
			sourceTree = "<group>";
		};
		CE9BF01C2BD3269B0027F9C2 /* DTO */ = {
			isa = PBXGroup;
			children = (
				CE9BF01D2BD326C50027F9C2 /* Products.swift */,
				CE9BF01F2BD327190027F9C2 /* Constants.swift */,
				CE9BF0282BD32C080027F9C2 /* JSONParser.swift */,
				CE9BF02A2BD32C400027F9C2 /* ProductModel.swift */,
				CE9BF02C2BD32CC20027F9C2 /* Product.json */,
			);
			path = DTO;
			sourceTree = "<group>";
		};
		CE9BF0232BD327800027F9C2 /* Services */ = {
			isa = PBXGroup;
			children = (
				CE9BF0242BD327990027F9C2 /* NetworkLayer.swift */,
				CE9BF0372BD996BA0027F9C2 /* AuthService.swift */,
			);
			path = Services;
			sourceTree = "<group>";
		};
		CE9BF02D2BD32D340027F9C2 /* TabBar */ = {
			isa = PBXGroup;
			children = (
				CE9BF02F2BD32D950027F9C2 /* TabBar.swift */,
				CE9BF0312BD32E4E0027F9C2 /* ShoppingCartViewController.swift */,
				CE9BF0332BD32EA20027F9C2 /* NavigationViewController.swift */,
				CE9BF0352BD32ECF0027F9C2 /* UserProfileViewController.swift */,
			);
			path = TabBar;
			sourceTree = "<group>";
		};
		CE9BF03D2BD99C780027F9C2 /* PhonenNumber */ = {
			isa = PBXGroup;
			children = (
				CE70A13C2BC5EED6009EEAA3 /* AuthorizationViewController.swift */,
				CE70A13A2BC5EEB3009EEAA3 /* PhoneNumberView.swift */,
				CE9BF03E2BD99CA20027F9C2 /* PhoneNumberCodeView.swift */,
				CE9BF0402BD99CCF0027F9C2 /* PhoneNumberViewController.swift */,
			);
			path = PhonenNumber;
			sourceTree = "<group>";
		};
		CE9BF0422BD9A03C0027F9C2 /* Email */ = {
			isa = PBXGroup;
			children = (
				CE9BF0432BD9A04F0027F9C2 /* EmailView.swift */,
				CE9BF0452BD9A0710027F9C2 /* EmailViewController.swift */,
			);
			path = Email;
			sourceTree = "<group>";
		};
		CE9CDF652BC0A58B008D6070 = {
			isa = PBXGroup;
			children = (
				CE9CDF702BC0A58B008D6070 /* AdisStore */,
				CE9CDF6F2BC0A58B008D6070 /* Products */,
				2D8DAB24D75B4E31EC96894C /* Pods */,
				9D45C9CDA05C2CCE09F9110E /* Frameworks */,
			);
			sourceTree = "<group>";
		};
		CE9CDF6F2BC0A58B008D6070 /* Products */ = {
			isa = PBXGroup;
			children = (
				CE9CDF6E2BC0A58B008D6070 /* AdisStore.app */,
			);
			name = Products;
			sourceTree = "<group>";
		};
		CE9CDF702BC0A58B008D6070 /* AdisStore */ = {
			isa = PBXGroup;
			children = (
				CE9BF02D2BD32D340027F9C2 /* TabBar */,
				CE9BF0232BD327800027F9C2 /* Services */,
				CE9BF01C2BD3269B0027F9C2 /* DTO */,
				CE70A13E2BC5F10B009EEAA3 /* Cell */,
				CE9CDF862BC0A642008D6070 /* MainScreen */,
				CE9CDF852BC0A5BF008D6070 /* Delegate */,
				CE70A1412BC5F4AE009EEAA3 /* Resource */,
				CE9CDF7F2BC0A58C008D6070 /* Info.plist */,
			);
			path = AdisStore;
			sourceTree = "<group>";
		};
		CE9CDF852BC0A5BF008D6070 /* Delegate */ = {
			isa = PBXGroup;
			children = (
				CE9CDF712BC0A58B008D6070 /* AppDelegate.swift */,
				CE9CDF732BC0A58B008D6070 /* SceneDelegate.swift */,
			);
			path = Delegate;
			sourceTree = "<group>";
		};
		CE9CDF862BC0A642008D6070 /* MainScreen */ = {
			isa = PBXGroup;
			children = (
				CE70A1382BC5EE79009EEAA3 /* FirstPage */,
				CE70A1392BC5EE83009EEAA3 /* Authorization */,
			);
			path = MainScreen;
			sourceTree = "<group>";
		};
/* End PBXGroup section */

/* Begin PBXNativeTarget section */
		CE9CDF6D2BC0A58B008D6070 /* AdisStore */ = {
			isa = PBXNativeTarget;
			buildConfigurationList = CE9CDF822BC0A58C008D6070 /* Build configuration list for PBXNativeTarget "AdisStore" */;
			buildPhases = (
				66B8A60E608F0FFFC5993064 /* [CP] Check Pods Manifest.lock */,
				CE9CDF6A2BC0A58B008D6070 /* Sources */,
				CE9CDF6B2BC0A58B008D6070 /* Frameworks */,
				CE9CDF6C2BC0A58B008D6070 /* Resources */,
				AFA53615E997023DAE54FBCB /* [CP] Embed Pods Frameworks */,
			);
			buildRules = (
			);
			dependencies = (
			);
			name = AdisStore;
			packageProductDependencies = (
			);
			productName = AdisStore;
			productReference = CE9CDF6E2BC0A58B008D6070 /* AdisStore.app */;
			productType = "com.apple.product-type.application";
		};
/* End PBXNativeTarget section */

/* Begin PBXProject section */
		CE9CDF662BC0A58B008D6070 /* Project object */ = {
			isa = PBXProject;
			attributes = {
				BuildIndependentTargetsInParallel = 1;
				LastSwiftUpdateCheck = 1430;
				LastUpgradeCheck = 1430;
				TargetAttributes = {
					CE9CDF6D2BC0A58B008D6070 = {
						CreatedOnToolsVersion = 14.3.1;
					};
				};
			};
			buildConfigurationList = CE9CDF692BC0A58B008D6070 /* Build configuration list for PBXProject "AdisStore" */;
			compatibilityVersion = "Xcode 14.0";
			developmentRegion = en;
			hasScannedForEncodings = 0;
			knownRegions = (
				en,
				Base,
			);
			mainGroup = CE9CDF652BC0A58B008D6070;
			packageReferences = (
				CE9CDF872BC0A6F7008D6070 /* XCRemoteSwiftPackageReference "SnapKit" */,
			);
			productRefGroup = CE9CDF6F2BC0A58B008D6070 /* Products */;
			projectDirPath = "";
			projectRoot = "";
			targets = (
				CE9CDF6D2BC0A58B008D6070 /* AdisStore */,
			);
		};
/* End PBXProject section */

/* Begin PBXResourcesBuildPhase section */
		CE9CDF6C2BC0A58B008D6070 /* Resources */ = {
			isa = PBXResourcesBuildPhase;
			buildActionMask = 2147483647;
			files = (
				CE9CDF7E2BC0A58C008D6070 /* LaunchScreen.storyboard in Resources */,
				CE9CDF7B2BC0A58C008D6070 /* Assets.xcassets in Resources */,
				CE9BF03C2BD99B7C0027F9C2 /* GoogleService-Info.plist in Resources */,
			);
			runOnlyForDeploymentPostprocessing = 0;
		};
/* End PBXResourcesBuildPhase section */

/* Begin PBXShellScriptBuildPhase section */
		66B8A60E608F0FFFC5993064 /* [CP] Check Pods Manifest.lock */ = {
			isa = PBXShellScriptBuildPhase;
			buildActionMask = 2147483647;
			files = (
			);
			inputFileListPaths = (
			);
			inputPaths = (
				"${PODS_PODFILE_DIR_PATH}/Podfile.lock",
				"${PODS_ROOT}/Manifest.lock",
			);
			name = "[CP] Check Pods Manifest.lock";
			outputFileListPaths = (
			);
			outputPaths = (
				"$(DERIVED_FILE_DIR)/Pods-AdisStore-checkManifestLockResult.txt",
			);
			runOnlyForDeploymentPostprocessing = 0;
			shellPath = /bin/sh;
			shellScript = "diff \"${PODS_PODFILE_DIR_PATH}/Podfile.lock\" \"${PODS_ROOT}/Manifest.lock\" > /dev/null\nif [ $? != 0 ] ; then\n    # print error to STDERR\n    echo \"error: The sandbox is not in sync with the Podfile.lock. Run 'pod install' or update your CocoaPods installation.\" >&2\n    exit 1\nfi\n# This output is used by Xcode 'outputs' to avoid re-running this script phase.\necho \"SUCCESS\" > \"${SCRIPT_OUTPUT_FILE_0}\"\n";
			showEnvVarsInLog = 0;
		};
		AFA53615E997023DAE54FBCB /* [CP] Embed Pods Frameworks */ = {
			isa = PBXShellScriptBuildPhase;
			buildActionMask = 2147483647;
			files = (
			);
			inputFileListPaths = (
				"${PODS_ROOT}/Target Support Files/Pods-AdisStore/Pods-AdisStore-frameworks-${CONFIGURATION}-input-files.xcfilelist",
			);
			name = "[CP] Embed Pods Frameworks";
			outputFileListPaths = (
				"${PODS_ROOT}/Target Support Files/Pods-AdisStore/Pods-AdisStore-frameworks-${CONFIGURATION}-output-files.xcfilelist",
			);
			runOnlyForDeploymentPostprocessing = 0;
			shellPath = /bin/sh;
			shellScript = "\"${PODS_ROOT}/Target Support Files/Pods-AdisStore/Pods-AdisStore-frameworks.sh\"\n";
			showEnvVarsInLog = 0;
		};
/* End PBXShellScriptBuildPhase section */

/* Begin PBXSourcesBuildPhase section */
		CE9CDF6A2BC0A58B008D6070 /* Sources */ = {
			isa = PBXSourcesBuildPhase;
			buildActionMask = 2147483647;
			files = (
				CE70A1402BC5F127009EEAA3 /* MainViewController.swift in Sources */,
				CE9BF0362BD32ECF0027F9C2 /* UserProfileViewController.swift in Sources */,
				CE9BF01E2BD326C50027F9C2 /* Products.swift in Sources */,
				CE9BF0322BD32E4E0027F9C2 /* ShoppingCartViewController.swift in Sources */,
				CE70A13D2BC5EED6009EEAA3 /* AuthorizationViewController.swift in Sources */,
				CE9BF0442BD9A04F0027F9C2 /* EmailView.swift in Sources */,
				CE9BF0252BD327990027F9C2 /* NetworkLayer.swift in Sources */,
				CE9BF0382BD996BA0027F9C2 /* AuthService.swift in Sources */,
				CE9CDF762BC0A58B008D6070 /* ViewController.swift in Sources */,
				CE70A1372BC5EE41009EEAA3 /* MainView.swift in Sources */,
				CE9CDF722BC0A58B008D6070 /* AppDelegate.swift in Sources */,
				CE9BF0302BD32D950027F9C2 /* TabBar.swift in Sources */,
				CE9BF0192BD325BE0027F9C2 /* CategoryCell.swift in Sources */,
				CE9BF0172BD3251F0027F9C2 /* ProductCell.swift in Sources */,
				CE70A13B2BC5EEB3009EEAA3 /* PhoneNumberView.swift in Sources */,
				CE9CDF742BC0A58B008D6070 /* SceneDelegate.swift in Sources */,
				CE9BF0292BD32C080027F9C2 /* JSONParser.swift in Sources */,
				CE9BF01B2BD325F30027F9C2 /* UIColor.swift in Sources */,
				CE9BF0202BD327190027F9C2 /* Constants.swift in Sources */,
				CE9BF0462BD9A0710027F9C2 /* EmailViewController.swift in Sources */,
				CE9BF0412BD99CCF0027F9C2 /* PhoneNumberViewController.swift in Sources */,
				CE9BF0272BD328340027F9C2 /* DetailViewController.swift in Sources */,
				CE9BF03F2BD99CA20027F9C2 /* PhoneNumberCodeView.swift in Sources */,
				CE9BF0342BD32EA20027F9C2 /* NavigationViewController.swift in Sources */,
				CE9BF02B2BD32C400027F9C2 /* ProductModel.swift in Sources */,
			);
			runOnlyForDeploymentPostprocessing = 0;
		};
/* End PBXSourcesBuildPhase section */

/* Begin PBXVariantGroup section */
		CE9CDF7C2BC0A58C008D6070 /* LaunchScreen.storyboard */ = {
			isa = PBXVariantGroup;
			children = (
				CE9CDF7D2BC0A58C008D6070 /* Base */,
			);
			name = LaunchScreen.storyboard;
			sourceTree = "<group>";
		};
/* End PBXVariantGroup section */

/* Begin XCBuildConfiguration section */
		CE9CDF802BC0A58C008D6070 /* Debug */ = {
			isa = XCBuildConfiguration;
			buildSettings = {
				ALWAYS_SEARCH_USER_PATHS = NO;
				CLANG_ANALYZER_NONNULL = YES;
				CLANG_ANALYZER_NUMBER_OBJECT_CONVERSION = YES_AGGRESSIVE;
				CLANG_CXX_LANGUAGE_STANDARD = "gnu++20";
				CLANG_ENABLE_MODULES = YES;
				CLANG_ENABLE_OBJC_ARC = YES;
				CLANG_ENABLE_OBJC_WEAK = YES;
				CLANG_WARN_BLOCK_CAPTURE_AUTORELEASING = YES;
				CLANG_WARN_BOOL_CONVERSION = YES;
				CLANG_WARN_COMMA = YES;
				CLANG_WARN_CONSTANT_CONVERSION = YES;
				CLANG_WARN_DEPRECATED_OBJC_IMPLEMENTATIONS = YES;
				CLANG_WARN_DIRECT_OBJC_ISA_USAGE = YES_ERROR;
				CLANG_WARN_DOCUMENTATION_COMMENTS = YES;
				CLANG_WARN_EMPTY_BODY = YES;
				CLANG_WARN_ENUM_CONVERSION = YES;
				CLANG_WARN_INFINITE_RECURSION = YES;
				CLANG_WARN_INT_CONVERSION = YES;
				CLANG_WARN_NON_LITERAL_NULL_CONVERSION = YES;
				CLANG_WARN_OBJC_IMPLICIT_RETAIN_SELF = YES;
				CLANG_WARN_OBJC_LITERAL_CONVERSION = YES;
				CLANG_WARN_OBJC_ROOT_CLASS = YES_ERROR;
				CLANG_WARN_QUOTED_INCLUDE_IN_FRAMEWORK_HEADER = YES;
				CLANG_WARN_RANGE_LOOP_ANALYSIS = YES;
				CLANG_WARN_STRICT_PROTOTYPES = YES;
				CLANG_WARN_SUSPICIOUS_MOVE = YES;
				CLANG_WARN_UNGUARDED_AVAILABILITY = YES_AGGRESSIVE;
				CLANG_WARN_UNREACHABLE_CODE = YES;
				CLANG_WARN__DUPLICATE_METHOD_MATCH = YES;
				COPY_PHASE_STRIP = NO;
				DEBUG_INFORMATION_FORMAT = dwarf;
				ENABLE_STRICT_OBJC_MSGSEND = YES;
				ENABLE_TESTABILITY = YES;
				GCC_C_LANGUAGE_STANDARD = gnu11;
				GCC_DYNAMIC_NO_PIC = NO;
				GCC_NO_COMMON_BLOCKS = YES;
				GCC_OPTIMIZATION_LEVEL = 0;
				GCC_PREPROCESSOR_DEFINITIONS = (
					"DEBUG=1",
					"$(inherited)",
				);
				GCC_WARN_64_TO_32_BIT_CONVERSION = YES;
				GCC_WARN_ABOUT_RETURN_TYPE = YES_ERROR;
				GCC_WARN_UNDECLARED_SELECTOR = YES;
				GCC_WARN_UNINITIALIZED_AUTOS = YES_AGGRESSIVE;
				GCC_WARN_UNUSED_FUNCTION = YES;
				GCC_WARN_UNUSED_VARIABLE = YES;
				IPHONEOS_DEPLOYMENT_TARGET = 16.4;
				MTL_ENABLE_DEBUG_INFO = INCLUDE_SOURCE;
				MTL_FAST_MATH = YES;
				ONLY_ACTIVE_ARCH = YES;
				SDKROOT = iphoneos;
				SWIFT_ACTIVE_COMPILATION_CONDITIONS = DEBUG;
				SWIFT_OPTIMIZATION_LEVEL = "-Onone";
			};
			name = Debug;
		};
		CE9CDF812BC0A58C008D6070 /* Release */ = {
			isa = XCBuildConfiguration;
			buildSettings = {
				ALWAYS_SEARCH_USER_PATHS = NO;
				CLANG_ANALYZER_NONNULL = YES;
				CLANG_ANALYZER_NUMBER_OBJECT_CONVERSION = YES_AGGRESSIVE;
				CLANG_CXX_LANGUAGE_STANDARD = "gnu++20";
				CLANG_ENABLE_MODULES = YES;
				CLANG_ENABLE_OBJC_ARC = YES;
				CLANG_ENABLE_OBJC_WEAK = YES;
				CLANG_WARN_BLOCK_CAPTURE_AUTORELEASING = YES;
				CLANG_WARN_BOOL_CONVERSION = YES;
				CLANG_WARN_COMMA = YES;
				CLANG_WARN_CONSTANT_CONVERSION = YES;
				CLANG_WARN_DEPRECATED_OBJC_IMPLEMENTATIONS = YES;
				CLANG_WARN_DIRECT_OBJC_ISA_USAGE = YES_ERROR;
				CLANG_WARN_DOCUMENTATION_COMMENTS = YES;
				CLANG_WARN_EMPTY_BODY = YES;
				CLANG_WARN_ENUM_CONVERSION = YES;
				CLANG_WARN_INFINITE_RECURSION = YES;
				CLANG_WARN_INT_CONVERSION = YES;
				CLANG_WARN_NON_LITERAL_NULL_CONVERSION = YES;
				CLANG_WARN_OBJC_IMPLICIT_RETAIN_SELF = YES;
				CLANG_WARN_OBJC_LITERAL_CONVERSION = YES;
				CLANG_WARN_OBJC_ROOT_CLASS = YES_ERROR;
				CLANG_WARN_QUOTED_INCLUDE_IN_FRAMEWORK_HEADER = YES;
				CLANG_WARN_RANGE_LOOP_ANALYSIS = YES;
				CLANG_WARN_STRICT_PROTOTYPES = YES;
				CLANG_WARN_SUSPICIOUS_MOVE = YES;
				CLANG_WARN_UNGUARDED_AVAILABILITY = YES_AGGRESSIVE;
				CLANG_WARN_UNREACHABLE_CODE = YES;
				CLANG_WARN__DUPLICATE_METHOD_MATCH = YES;
				COPY_PHASE_STRIP = NO;
				DEBUG_INFORMATION_FORMAT = "dwarf-with-dsym";
				ENABLE_NS_ASSERTIONS = NO;
				ENABLE_STRICT_OBJC_MSGSEND = YES;
				GCC_C_LANGUAGE_STANDARD = gnu11;
				GCC_NO_COMMON_BLOCKS = YES;
				GCC_WARN_64_TO_32_BIT_CONVERSION = YES;
				GCC_WARN_ABOUT_RETURN_TYPE = YES_ERROR;
				GCC_WARN_UNDECLARED_SELECTOR = YES;
				GCC_WARN_UNINITIALIZED_AUTOS = YES_AGGRESSIVE;
				GCC_WARN_UNUSED_FUNCTION = YES;
				GCC_WARN_UNUSED_VARIABLE = YES;
				IPHONEOS_DEPLOYMENT_TARGET = 16.4;
				MTL_ENABLE_DEBUG_INFO = NO;
				MTL_FAST_MATH = YES;
				SDKROOT = iphoneos;
				SWIFT_COMPILATION_MODE = wholemodule;
				SWIFT_OPTIMIZATION_LEVEL = "-O";
				VALIDATE_PRODUCT = YES;
			};
			name = Release;
		};
		CE9CDF832BC0A58C008D6070 /* Debug */ = {
			isa = XCBuildConfiguration;
			baseConfigurationReference = 8B9EB10374FC53A3EF8DAC73 /* Pods-AdisStore.debug.xcconfig */;
			buildSettings = {
				ASSETCATALOG_COMPILER_APPICON_NAME = AppIcon;
				ASSETCATALOG_COMPILER_GLOBAL_ACCENT_COLOR_NAME = AccentColor;
				CODE_SIGN_STYLE = Automatic;
				CURRENT_PROJECT_VERSION = 1;
				GENERATE_INFOPLIST_FILE = YES;
				INFOPLIST_FILE = AdisStore/Info.plist;
				INFOPLIST_KEY_UIApplicationSupportsIndirectInputEvents = YES;
				INFOPLIST_KEY_UILaunchStoryboardName = LaunchScreen;
				INFOPLIST_KEY_UISupportedInterfaceOrientations_iPad = "UIInterfaceOrientationPortrait UIInterfaceOrientationPortraitUpsideDown UIInterfaceOrientationLandscapeLeft UIInterfaceOrientationLandscapeRight";
				INFOPLIST_KEY_UISupportedInterfaceOrientations_iPhone = "UIInterfaceOrientationPortrait UIInterfaceOrientationLandscapeLeft UIInterfaceOrientationLandscapeRight";
				LD_RUNPATH_SEARCH_PATHS = (
					"$(inherited)",
					"@executable_path/Frameworks",
				);
				MARKETING_VERSION = 1.0;
				PRODUCT_BUNDLE_IDENTIFIER = adi.AdisStore;
				PRODUCT_NAME = "$(TARGET_NAME)";
				SWIFT_EMIT_LOC_STRINGS = YES;
				SWIFT_VERSION = 5.0;
				TARGETED_DEVICE_FAMILY = "1,2";
			};
			name = Debug;
		};
		CE9CDF842BC0A58C008D6070 /* Release */ = {
			isa = XCBuildConfiguration;
			baseConfigurationReference = 0CD3D13ADBE7099A213746F1 /* Pods-AdisStore.release.xcconfig */;
			buildSettings = {
				ASSETCATALOG_COMPILER_APPICON_NAME = AppIcon;
				ASSETCATALOG_COMPILER_GLOBAL_ACCENT_COLOR_NAME = AccentColor;
				CODE_SIGN_STYLE = Automatic;
				CURRENT_PROJECT_VERSION = 1;
				GENERATE_INFOPLIST_FILE = YES;
				INFOPLIST_FILE = AdisStore/Info.plist;
				INFOPLIST_KEY_UIApplicationSupportsIndirectInputEvents = YES;
				INFOPLIST_KEY_UILaunchStoryboardName = LaunchScreen;
				INFOPLIST_KEY_UISupportedInterfaceOrientations_iPad = "UIInterfaceOrientationPortrait UIInterfaceOrientationPortraitUpsideDown UIInterfaceOrientationLandscapeLeft UIInterfaceOrientationLandscapeRight";
				INFOPLIST_KEY_UISupportedInterfaceOrientations_iPhone = "UIInterfaceOrientationPortrait UIInterfaceOrientationLandscapeLeft UIInterfaceOrientationLandscapeRight";
				LD_RUNPATH_SEARCH_PATHS = (
					"$(inherited)",
					"@executable_path/Frameworks",
				);
				MARKETING_VERSION = 1.0;
				PRODUCT_BUNDLE_IDENTIFIER = adi.AdisStore;
				PRODUCT_NAME = "$(TARGET_NAME)";
				SWIFT_EMIT_LOC_STRINGS = YES;
				SWIFT_VERSION = 5.0;
				TARGETED_DEVICE_FAMILY = "1,2";
			};
			name = Release;
		};
/* End XCBuildConfiguration section */

/* Begin XCConfigurationList section */
		CE9CDF692BC0A58B008D6070 /* Build configuration list for PBXProject "AdisStore" */ = {
			isa = XCConfigurationList;
			buildConfigurations = (
				CE9CDF802BC0A58C008D6070 /* Debug */,
				CE9CDF812BC0A58C008D6070 /* Release */,
			);
			defaultConfigurationIsVisible = 0;
			defaultConfigurationName = Release;
		};
		CE9CDF822BC0A58C008D6070 /* Build configuration list for PBXNativeTarget "AdisStore" */ = {
			isa = XCConfigurationList;
			buildConfigurations = (
				CE9CDF832BC0A58C008D6070 /* Debug */,
				CE9CDF842BC0A58C008D6070 /* Release */,
			);
			defaultConfigurationIsVisible = 0;
			defaultConfigurationName = Release;
		};
/* End XCConfigurationList section */

/* Begin XCRemoteSwiftPackageReference section */
		CE9CDF872BC0A6F7008D6070 /* XCRemoteSwiftPackageReference "SnapKit" */ = {
			isa = XCRemoteSwiftPackageReference;
			repositoryURL = "https://github.com/SnapKit/SnapKit.git";
			requirement = {
				kind = upToNextMajorVersion;
				minimumVersion = 5.0.0;
			};
		};
/* End XCRemoteSwiftPackageReference section */
	};
	rootObject = CE9CDF662BC0A58B008D6070 /* Project object */;
}
